// !$*UTF8*$!
{
	archiveVersion = 1;
	classes = {
	};
	objectVersion = 50;
	objects = {

/* Begin PBXBuildFile section */
		A4CA04532549C7740052B3C8 /* AppDelegate.swift in Sources */ = {isa = PBXBuildFile; fileRef = A4CA04522549C7740052B3C8 /* AppDelegate.swift */; };
		A4CA04552549C7740052B3C8 /* SceneDelegate.swift in Sources */ = {isa = PBXBuildFile; fileRef = A4CA04542549C7740052B3C8 /* SceneDelegate.swift */; };
		A4CA04572549C7740052B3C8 /* ViewController.swift in Sources */ = {isa = PBXBuildFile; fileRef = A4CA04562549C7740052B3C8 /* ViewController.swift */; };
		A4CA045A2549C7740052B3C8 /* Main.storyboard in Resources */ = {isa = PBXBuildFile; fileRef = A4CA04582549C7740052B3C8 /* Main.storyboard */; };
		A4CA045C2549C7750052B3C8 /* Assets.xcassets in Resources */ = {isa = PBXBuildFile; fileRef = A4CA045B2549C7750052B3C8 /* Assets.xcassets */; };
		A4CA045F2549C7750052B3C8 /* LaunchScreen.storyboard in Resources */ = {isa = PBXBuildFile; fileRef = A4CA045D2549C7750052B3C8 /* LaunchScreen.storyboard */; };
/* End PBXBuildFile section */

/* Begin PBXFileReference section */
		A4CA044F2549C7740052B3C8 /* LittlePink-Git.app */ = {isa = PBXFileReference; explicitFileType = wrapper.application; includeInIndex = 0; path = "LittlePink-Git.app"; sourceTree = BUILT_PRODUCTS_DIR; };
		A4CA04522549C7740052B3C8 /* AppDelegate.swift */ = {isa = PBXFileReference; lastKnownFileType = sourcecode.swift; path = AppDelegate.swift; sourceTree = "<group>"; };
		A4CA04542549C7740052B3C8 /* SceneDelegate.swift */ = {isa = PBXFileReference; lastKnownFileType = sourcecode.swift; path = SceneDelegate.swift; sourceTree = "<group>"; };
		A4CA04562549C7740052B3C8 /* ViewController.swift */ = {isa = PBXFileReference; lastKnownFileType = sourcecode.swift; path = ViewController.swift; sourceTree = "<group>"; };
		A4CA04592549C7740052B3C8 /* Base */ = {isa = PBXFileReference; lastKnownFileType = file.storyboard; name = Base; path = Base.lproj/Main.storyboard; sourceTree = "<group>"; };
		A4CA045B2549C7750052B3C8 /* Assets.xcassets */ = {isa = PBXFileReference; lastKnownFileType = folder.assetcatalog; path = Assets.xcassets; sourceTree = "<group>"; };
		A4CA045E2549C7750052B3C8 /* Base */ = {isa = PBXFileReference; lastKnownFileType = file.storyboard; name = Base; path = Base.lproj/LaunchScreen.storyboard; sourceTree = "<group>"; };
		A4CA04602549C7750052B3C8 /* Info.plist */ = {isa = PBXFileReference; lastKnownFileType = text.plist.xml; path = Info.plist; sourceTree = "<group>"; };
/* End PBXFileReference section */

/* Begin PBXFrameworksBuildPhase section */
		A4CA044C2549C7740052B3C8 /* Frameworks */ = {
			isa = PBXFrameworksBuildPhase;
			buildActionMask = 2147483647;
			files = (
			);
			runOnlyForDeploymentPostprocessing = 0;
		};
/* End PBXFrameworksBuildPhase section */

/* Begin PBXGroup section */
		A4CA04462549C7740052B3C8 = {
			isa = PBXGroup;
			children = (
				A4CA04512549C7740052B3C8 /* LittlePink-Git */,
				A4CA04502549C7740052B3C8 /* Products */,
			);
			sourceTree = "<group>";
		};
		A4CA04502549C7740052B3C8 /* Products */ = {
			isa = PBXGroup;
			children = (
				A4CA044F2549C7740052B3C8 /* LittlePink-Git.app */,
			);
			name = Products;
			sourceTree = "<group>";
		};
		A4CA04512549C7740052B3C8 /* LittlePink-Git */ = {
			isa = PBXGroup;
			children = (
				A4CA04522549C7740052B3C8 /* AppDelegate.swift */,
				A4CA04542549C7740052B3C8 /* SceneDelegate.swift */,
				A4CA04562549C7740052B3C8 /* ViewController.swift */,
				A4CA04582549C7740052B3C8 /* Main.storyboard */,
				A4CA045B2549C7750052B3C8 /* Assets.xcassets */,
				A4CA045D2549C7750052B3C8 /* LaunchScreen.storyboard */,
				A4CA04602549C7750052B3C8 /* Info.plist */,
			);
			path = "LittlePink-Git";
			sourceTree = "<group>";
		};
/* End PBXGroup section */

/* Begin PBXNativeTarget section */
		A4CA044E2549C7740052B3C8 /* LittlePink-Git */ = {
			isa = PBXNativeTarget;
			buildConfigurationList = A4CA04632549C7750052B3C8 /* Build configuration list for PBXNativeTarget "LittlePink-Git" */;
			buildPhases = (
				A4CA044B2549C7740052B3C8 /* Sources */,
				A4CA044C2549C7740052B3C8 /* Frameworks */,
				A4CA044D2549C7740052B3C8 /* Resources */,
			);
			buildRules = (
			);
			dependencies = (
			);
			name = "LittlePink-Git";
			productName = "LittlePink-Git";
			productReference = A4CA044F2549C7740052B3C8 /* LittlePink-Git.app */;
			productType = "com.apple.product-type.application";
		};
/* End PBXNativeTarget section */

/* Begin PBXProject section */
		A4CA04472549C7740052B3C8 /* Project object */ = {
			isa = PBXProject;
			attributes = {
				LastSwiftUpdateCheck = 1210;
				LastUpgradeCheck = 1210;
				TargetAttributes = {
					A4CA044E2549C7740052B3C8 = {
						CreatedOnToolsVersion = 12.1;
					};
				};
			};
			buildConfigurationList = A4CA044A2549C7740052B3C8 /* Build configuration list for PBXProject "LittlePink-Git" */;
			compatibilityVersion = "Xcode 9.3";
			developmentRegion = en;
			hasScannedForEncodings = 0;
			knownRegions = (
				en,
				Base,
			);
			mainGroup = A4CA04462549C7740052B3C8;
			productRefGroup = A4CA04502549C7740052B3C8 /* Products */;
			projectDirPath = "";
			projectRoot = "";
			targets = (
				A4CA044E2549C7740052B3C8 /* LittlePink-Git */,
			);
		};
/* End PBXProject section */

/* Begin PBXResourcesBuildPhase section */
		A4CA044D2549C7740052B3C8 /* Resources */ = {
			isa = PBXResourcesBuildPhase;
			buildActionMask = 2147483647;
			files = (
				A4CA045F2549C7750052B3C8 /* LaunchScreen.storyboard in Resources */,
				A4CA045C2549C7750052B3C8 /* Assets.xcassets in Resources */,
				A4CA045A2549C7740052B3C8 /* Main.storyboard in Resources */,
			);
			runOnlyForDeploymentPostprocessing = 0;
		};
/* End PBXResourcesBuildPhase section */

/* Begin PBXSourcesBuildPhase section */
		A4CA044B2549C7740052B3C8 /* Sources */ = {
			isa = PBXSourcesBuildPhase;
			buildActionMask = 2147483647;
			files = (
				A4CA04572549C7740052B3C8 /* ViewController.swift in Sources */,
				A4CA04532549C7740052B3C8 /* AppDelegate.swift in Sources */,
				A4CA04552549C7740052B3C8 /* SceneDelegate.swift in Sources */,
			);
			runOnlyForDeploymentPostprocessing = 0;
		};
/* End PBXSourcesBuildPhase section */

/* Begin PBXVariantGroup section */
		A4CA04582549C7740052B3C8 /* Main.storyboard */ = {
			isa = PBXVariantGroup;
			children = (
				A4CA04592549C7740052B3C8 /* Base */,
			);
			name = Main.storyboard;
			sourceTree = "<group>";
		};
		A4CA045D2549C7750052B3C8 /* LaunchScreen.storyboard */ = {
			isa = PBXVariantGroup;
			children = (
				A4CA045E2549C7750052B3C8 /* Base */,
			);
			name = LaunchScreen.storyboard;
			sourceTree = "<group>";
		};
/* End PBXVariantGroup section */

/* Begin XCBuildConfiguration section */
		A4CA04612549C7750052B3C8 /* Debug */ = {
			isa = XCBuildConfiguration;
			buildSettings = {
				ALWAYS_SEARCH_USER_PATHS = NO;
				CLANG_ANALYZER_NONNULL = YES;
				CLANG_ANALYZER_NUMBER_OBJECT_CONVERSION = YES_AGGRESSIVE;
				CLANG_CXX_LANGUAGE_STANDARD = "gnu++14";
				CLANG_CXX_LIBRARY = "libc++";
				CLANG_ENABLE_MODULES = YES;
				CLANG_ENABLE_OBJC_ARC = YES;
				CLANG_ENABLE_OBJC_WEAK = YES;
				CLANG_WARN_BLOCK_CAPTURE_AUTORELEASING = YES;
				CLANG_WARN_BOOL_CONVERSION = YES;
				CLANG_WARN_COMMA = YES;
				CLANG_WARN_CONSTANT_CONVERSION = YES;
				CLANG_WARN_DEPRECATED_OBJC_IMPLEMENTATIONS = YES;
				CLANG_WARN_DIRECT_OBJC_ISA_USAGE = YES_ERROR;
				CLANG_WARN_DOCUMENTATION_COMMENTS = YES;
				CLANG_WARN_EMPTY_BODY = YES;
				CLANG_WARN_ENUM_CONVERSION = YES;
				CLANG_WARN_INFINITE_RECURSION = YES;
				CLANG_WARN_INT_CONVERSION = YES;
				CLANG_WARN_NON_LITERAL_NULL_CONVERSION = YES;
				CLANG_WARN_OBJC_IMPLICIT_RETAIN_SELF = YES;
				CLANG_WARN_OBJC_LITERAL_CONVERSION = YES;
				CLANG_WARN_OBJC_ROOT_CLASS = YES_ERROR;
				CLANG_WARN_QUOTED_INCLUDE_IN_FRAMEWORK_HEADER = YES;
				CLANG_WARN_RANGE_LOOP_ANALYSIS = YES;
				CLANG_WARN_STRICT_PROTOTYPES = YES;
				CLANG_WARN_SUSPICIOUS_MOVE = YES;
				CLANG_WARN_UNGUARDED_AVAILABILITY = YES_AGGRESSIVE;
				CLANG_WARN_UNREACHABLE_CODE = YES;
				CLANG_WARN__DUPLICATE_METHOD_MATCH = YES;
				COPY_PHASE_STRIP = NO;
				DEBUG_INFORMATION_FORMAT = dwarf;
				ENABLE_STRICT_OBJC_MSGSEND = YES;
				ENABLE_TESTABILITY = YES;
				GCC_C_LANGUAGE_STANDARD = gnu11;
				GCC_DYNAMIC_NO_PIC = NO;
				GCC_NO_COMMON_BLOCKS = YES;
				GCC_OPTIMIZATION_LEVEL = 0;
				GCC_PREPROCESSOR_DEFINITIONS = (
					"DEBUG=1",
					"$(inherited)",
				);
				GCC_WARN_64_TO_32_BIT_CONVERSION = YES;
				GCC_WARN_ABOUT_RETURN_TYPE = YES_ERROR;
				GCC_WARN_UNDECLARED_SELECTOR = YES;
				GCC_WARN_UNINITIALIZED_AUTOS = YES_AGGRESSIVE;
				GCC_WARN_UNUSED_FUNCTION = YES;
				GCC_WARN_UNUSED_VARIABLE = YES;
				IPHONEOS_DEPLOYMENT_TARGET = 14.1;
				MTL_ENABLE_DEBUG_INFO = INCLUDE_SOURCE;
				MTL_FAST_MATH = YES;
				ONLY_ACTIVE_ARCH = YES;
				SDKROOT = iphoneos;
				SWIFT_ACTIVE_COMPILATION_CONDITIONS = DEBUG;
				SWIFT_OPTIMIZATION_LEVEL = "-Onone";
			};
			name = Debug;
		};
		A4CA04622549C7750052B3C8 /* Release */ = {
			isa = XCBuildConfiguration;
			buildSettings = {
				ALWAYS_SEARCH_USER_PATHS = NO;
				CLANG_ANALYZER_NONNULL = YES;
				CLANG_ANALYZER_NUMBER_OBJECT_CONVERSION = YES_AGGRESSIVE;
				CLANG_CXX_LANGUAGE_STANDARD = "gnu++14";
				CLANG_CXX_LIBRARY = "libc++";
				CLANG_ENABLE_MODULES = YES;
				CLANG_ENABLE_OBJC_ARC = YES;
				CLANG_ENABLE_OBJC_WEAK = YES;
				CLANG_WARN_BLOCK_CAPTURE_AUTORELEASING = YES;
				CLANG_WARN_BOOL_CONVERSION = YES;
				CLANG_WARN_COMMA = YES;
				CLANG_WARN_CONSTANT_CONVERSION = YES;
				CLANG_WARN_DEPRECATED_OBJC_IMPLEMENTATIONS = YES;
				CLANG_WARN_DIRECT_OBJC_ISA_USAGE = YES_ERROR;
				CLANG_WARN_DOCUMENTATION_COMMENTS = YES;
				CLANG_WARN_EMPTY_BODY = YES;
				CLANG_WARN_ENUM_CONVERSION = YES;
				CLANG_WARN_INFINITE_RECURSION = YES;
				CLANG_WARN_INT_CONVERSION = YES;
				CLANG_WARN_NON_LITERAL_NULL_CONVERSION = YES;
				CLANG_WARN_OBJC_IMPLICIT_RETAIN_SELF = YES;
				CLANG_WARN_OBJC_LITERAL_CONVERSION = YES;
				CLANG_WARN_OBJC_ROOT_CLASS = YES_ERROR;
				CLANG_WARN_QUOTED_INCLUDE_IN_FRAMEWORK_HEADER = YES;
				CLANG_WARN_RANGE_LOOP_ANALYSIS = YES;
				CLANG_WARN_STRICT_PROTOTYPES = YES;
				CLANG_WARN_SUSPICIOUS_MOVE = YES;
				CLANG_WARN_UNGUARDED_AVAILABILITY = YES_AGGRESSIVE;
				CLANG_WARN_UNREACHABLE_CODE = YES;
				CLANG_WARN__DUPLICATE_METHOD_MATCH = YES;
				COPY_PHASE_STRIP = NO;
				DEBUG_INFORMATION_FORMAT = "dwarf-with-dsym";
				ENABLE_NS_ASSERTIONS = NO;
				ENABLE_STRICT_OBJC_MSGSEND = YES;
				GCC_C_LANGUAGE_STANDARD = gnu11;
				GCC_NO_COMMON_BLOCKS = YES;
				GCC_WARN_64_TO_32_BIT_CONVERSION = YES;
				GCC_WARN_ABOUT_RETURN_TYPE = YES_ERROR;
				GCC_WARN_UNDECLARED_SELECTOR = YES;
				GCC_WARN_UNINITIALIZED_AUTOS = YES_AGGRESSIVE;
				GCC_WARN_UNUSED_FUNCTION = YES;
				GCC_WARN_UNUSED_VARIABLE = YES;
				IPHONEOS_DEPLOYMENT_TARGET = 14.1;
				MTL_ENABLE_DEBUG_INFO = NO;
				MTL_FAST_MATH = YES;
				SDKROOT = iphoneos;
				SWIFT_COMPILATION_MODE = wholemodule;
				SWIFT_OPTIMIZATION_LEVEL = "-O";
				VALIDATE_PRODUCT = YES;
			};
			name = Release;
		};
		A4CA04642549C7750052B3C8 /* Debug */ = {
			isa = XCBuildConfiguration;
			buildSettings = {
				ASSETCATALOG_COMPILER_APPICON_NAME = AppIcon;
				ASSETCATALOG_COMPILER_GLOBAL_ACCENT_COLOR_NAME = AccentColor;
				CODE_SIGN_STYLE = Automatic;
				DEVELOPMENT_TEAM = R3R9W3ZDBN;
				INFOPLIST_FILE = "LittlePink-Git/Info.plist";
				LD_RUNPATH_SEARCH_PATHS = (
					"$(inherited)",
					"@executable_path/Frameworks",
				);
				PRODUCT_BUNDLE_IDENTIFIER = "com.rongcosme.LittlePink-Git";
				PRODUCT_NAME = "$(TARGET_NAME)";
				SWIFT_VERSION = 5.0;
				TARGETED_DEVICE_FAMILY = "1,2";
			};
			name = Debug;
		};
		A4CA04652549C7750052B3C8 /* Release */ = {
			isa = XCBuildConfiguration;
			buildSettings = {
				ASSETCATALOG_COMPILER_APPICON_NAME = AppIcon;
				ASSETCATALOG_COMPILER_GLOBAL_ACCENT_COLOR_NAME = AccentColor;
				CODE_SIGN_STYLE = Automatic;
				DEVELOPMENT_TEAM = R3R9W3ZDBN;
				INFOPLIST_FILE = "LittlePink-Git/Info.plist";
				LD_RUNPATH_SEARCH_PATHS = (
					"$(inherited)",
					"@executable_path/Frameworks",
				);
				PRODUCT_BUNDLE_IDENTIFIER = "com.rongcosme.LittlePink-Git";
				PRODUCT_NAME = "$(TARGET_NAME)";
				SWIFT_VERSION = 5.0;
				TARGETED_DEVICE_FAMILY = "1,2";
			};
			name = Release;
		};
/* End XCBuildConfiguration section */

/* Begin XCConfigurationList section */
		A4CA044A2549C7740052B3C8 /* Build configuration list for PBXProject "LittlePink-Git" */ = {
			isa = XCConfigurationList;
			buildConfigurations = (
				A4CA04612549C7750052B3C8 /* Debug */,
				A4CA04622549C7750052B3C8 /* Release */,
			);
			defaultConfigurationIsVisible = 0;
			defaultConfigurationName = Release;
		};
		A4CA04632549C7750052B3C8 /* Build configuration list for PBXNativeTarget "LittlePink-Git" */ = {
			isa = XCConfigurationList;
			buildConfigurations = (
				A4CA04642549C7750052B3C8 /* Debug */,
				A4CA04652549C7750052B3C8 /* Release */,
			);
			defaultConfigurationIsVisible = 0;
			defaultConfigurationName = Release;
		};
/* End XCConfigurationList section */
	};
	rootObject = A4CA04472549C7740052B3C8 /* Project object */;
}
